// !$*UTF8*$!
{
	archiveVersion = 1;
	classes = {
	};
	objectVersion = 56;
	objects = {

/* Begin PBXBuildFile section */
		077A008B2AAEC55F0046CC80 /* DefaultRouter.swift in Sources */ = {isa = PBXBuildFile; fileRef = 077AFFA22AAEC55F0046CC80 /* DefaultRouter.swift */; };
		077A009B2AAEC55F0046CC80 /* BaseViewModel.swift in Sources */ = {isa = PBXBuildFile; fileRef = 077AFFB72AAEC55F0046CC80 /* BaseViewModel.swift */; };
		077A009D2AAEC55F0046CC80 /* JokesViewModel.swift in Sources */ = {isa = PBXBuildFile; fileRef = 077AFFBA2AAEC55F0046CC80 /* JokesViewModel.swift */; };
		077A010B2AAEC5600046CC80 /* BaseViewController.swift in Sources */ = {isa = PBXBuildFile; fileRef = 077A00372AAEC55F0046CC80 /* BaseViewController.swift */; };
		077A01272AAEC5600046CC80 /* JokesView.xib in Resources */ = {isa = PBXBuildFile; fileRef = 077A00572AAEC55F0046CC80 /* JokesView.xib */; };
		077A01292AAEC5600046CC80 /* JokesViewController.swift in Sources */ = {isa = PBXBuildFile; fileRef = 077A00592AAEC55F0046CC80 /* JokesViewController.swift */; };
		077A01342AAEC5600046CC80 /* UIViewController+Extensions.swift in Sources */ = {isa = PBXBuildFile; fileRef = 077A00652AAEC55F0046CC80 /* UIViewController+Extensions.swift */; };
		077A013A2AAEC5600046CC80 /* ViewRouterProtocol.swift in Sources */ = {isa = PBXBuildFile; fileRef = 077A006E2AAEC55F0046CC80 /* ViewRouterProtocol.swift */; };
		077A013B2AAEC5600046CC80 /* ViewModelProtocol.swift in Sources */ = {isa = PBXBuildFile; fileRef = 077A006F2AAEC55F0046CC80 /* ViewModelProtocol.swift */; };
		077A013F2AAEC5600046CC80 /* RouterProtocol.swift in Sources */ = {isa = PBXBuildFile; fileRef = 077A00732AAEC55F0046CC80 /* RouterProtocol.swift */; };
		077A01422AAEC5600046CC80 /* ViewBuilderProtocol.swift in Sources */ = {isa = PBXBuildFile; fileRef = 077A00762AAEC55F0046CC80 /* ViewBuilderProtocol.swift */; };
		077A01442AAEC5600046CC80 /* JokesViewBuilder.swift in Sources */ = {isa = PBXBuildFile; fileRef = 077A00792AAEC55F0046CC80 /* JokesViewBuilder.swift */; };
		077A014A2AAEC5600046CC80 /* SegueType.swift in Sources */ = {isa = PBXBuildFile; fileRef = 077A00802AAEC55F0046CC80 /* SegueType.swift */; };
		07BCDA0D2AB5401A00DBFC59 /* JokesViewModel+Routers.swift in Sources */ = {isa = PBXBuildFile; fileRef = 07BCDA0C2AB5401A00DBFC59 /* JokesViewModel+Routers.swift */; };
		07FDDA6D2AA41C4E00AD4DB2 /* UI.framework in Frameworks */ = {isa = PBXBuildFile; fileRef = 07FDDA622AA41C4E00AD4DB2 /* UI.framework */; };
		07FDDA722AA41C4E00AD4DB2 /* UITests.swift in Sources */ = {isa = PBXBuildFile; fileRef = 07FDDA712AA41C4E00AD4DB2 /* UITests.swift */; };
		07FDDB432AA430B100AD4DB2 /* Common.framework in Frameworks */ = {isa = PBXBuildFile; fileRef = 07FDDB412AA430B100AD4DB2 /* Common.framework */; };
		07FDDB442AA430B100AD4DB2 /* Common.framework in Embed Frameworks */ = {isa = PBXBuildFile; fileRef = 07FDDB412AA430B100AD4DB2 /* Common.framework */; settings = {ATTRIBUTES = (CodeSignOnCopy, RemoveHeadersOnCopy, ); }; };
		07FDDB452AA430B100AD4DB2 /* Domain.framework in Frameworks */ = {isa = PBXBuildFile; fileRef = 07FDDB422AA430B100AD4DB2 /* Domain.framework */; };
		07FDDB462AA430B100AD4DB2 /* Domain.framework in Embed Frameworks */ = {isa = PBXBuildFile; fileRef = 07FDDB422AA430B100AD4DB2 /* Domain.framework */; settings = {ATTRIBUTES = (CodeSignOnCopy, RemoveHeadersOnCopy, ); }; };
		B286F1EB318FA24436F1350B /* Pods_UI.framework in Frameworks */ = {isa = PBXBuildFile; fileRef = 183965612FD817F23600989A /* Pods_UI.framework */; };
		F3F062FC5A8AF0FF867BE250 /* Pods_UITests.framework in Frameworks */ = {isa = PBXBuildFile; fileRef = 448E153AB3A3ECD32F5321AD /* Pods_UITests.framework */; };
/* End PBXBuildFile section */

/* Begin PBXContainerItemProxy section */
		07FDDA6E2AA41C4E00AD4DB2 /* PBXContainerItemProxy */ = {
			isa = PBXContainerItemProxy;
			containerPortal = 07FDDA592AA41C4E00AD4DB2 /* Project object */;
			proxyType = 1;
			remoteGlobalIDString = 07FDDA612AA41C4E00AD4DB2;
			remoteInfo = UI;
		};
/* End PBXContainerItemProxy section */

/* Begin PBXCopyFilesBuildPhase section */
		07FDDB472AA430B100AD4DB2 /* Embed Frameworks */ = {
			isa = PBXCopyFilesBuildPhase;
			buildActionMask = 2147483647;
			dstPath = "";
			dstSubfolderSpec = 10;
			files = (
				07FDDB462AA430B100AD4DB2 /* Domain.framework in Embed Frameworks */,
				07FDDB442AA430B100AD4DB2 /* Common.framework in Embed Frameworks */,
			);
			name = "Embed Frameworks";
			runOnlyForDeploymentPostprocessing = 0;
		};
/* End PBXCopyFilesBuildPhase section */

/* Begin PBXFileReference section */
		077A00372AAEC55F0046CC80 /* BaseViewController.swift */ = {isa = PBXFileReference; fileEncoding = 4; lastKnownFileType = sourcecode.swift; path = BaseViewController.swift; sourceTree = "<group>"; };
		077A00572AAEC55F0046CC80 /* JokesView.xib */ = {isa = PBXFileReference; fileEncoding = 4; lastKnownFileType = file.xib; path = JokesView.xib; sourceTree = "<group>"; };
		077A00592AAEC55F0046CC80 /* JokesViewController.swift */ = {isa = PBXFileReference; fileEncoding = 4; lastKnownFileType = sourcecode.swift; path = JokesViewController.swift; sourceTree = "<group>"; };
		077A00652AAEC55F0046CC80 /* UIViewController+Extensions.swift */ = {isa = PBXFileReference; fileEncoding = 4; lastKnownFileType = sourcecode.swift; path = "UIViewController+Extensions.swift"; sourceTree = "<group>"; };
		077A006E2AAEC55F0046CC80 /* ViewRouterProtocol.swift */ = {isa = PBXFileReference; fileEncoding = 4; lastKnownFileType = sourcecode.swift; path = ViewRouterProtocol.swift; sourceTree = "<group>"; };
		077A006F2AAEC55F0046CC80 /* ViewModelProtocol.swift */ = {isa = PBXFileReference; fileEncoding = 4; lastKnownFileType = sourcecode.swift; path = ViewModelProtocol.swift; sourceTree = "<group>"; };
		077A00732AAEC55F0046CC80 /* RouterProtocol.swift */ = {isa = PBXFileReference; fileEncoding = 4; lastKnownFileType = sourcecode.swift; path = RouterProtocol.swift; sourceTree = "<group>"; };
		077A00762AAEC55F0046CC80 /* ViewBuilderProtocol.swift */ = {isa = PBXFileReference; fileEncoding = 4; lastKnownFileType = sourcecode.swift; path = ViewBuilderProtocol.swift; sourceTree = "<group>"; };
		077A00792AAEC55F0046CC80 /* JokesViewBuilder.swift */ = {isa = PBXFileReference; fileEncoding = 4; lastKnownFileType = sourcecode.swift; path = JokesViewBuilder.swift; sourceTree = "<group>"; };
		077A00802AAEC55F0046CC80 /* SegueType.swift */ = {isa = PBXFileReference; fileEncoding = 4; lastKnownFileType = sourcecode.swift; path = SegueType.swift; sourceTree = "<group>"; };
		077AFFA22AAEC55F0046CC80 /* DefaultRouter.swift */ = {isa = PBXFileReference; fileEncoding = 4; lastKnownFileType = sourcecode.swift; path = DefaultRouter.swift; sourceTree = "<group>"; };
		077AFFB72AAEC55F0046CC80 /* BaseViewModel.swift */ = {isa = PBXFileReference; fileEncoding = 4; lastKnownFileType = sourcecode.swift; path = BaseViewModel.swift; sourceTree = "<group>"; };
		077AFFBA2AAEC55F0046CC80 /* JokesViewModel.swift */ = {isa = PBXFileReference; fileEncoding = 4; lastKnownFileType = sourcecode.swift; path = JokesViewModel.swift; sourceTree = "<group>"; };
		07BCDA0C2AB5401A00DBFC59 /* JokesViewModel+Routers.swift */ = {isa = PBXFileReference; lastKnownFileType = sourcecode.swift; path = "JokesViewModel+Routers.swift"; sourceTree = "<group>"; };
		07FDDA622AA41C4E00AD4DB2 /* UI.framework */ = {isa = PBXFileReference; explicitFileType = wrapper.framework; includeInIndex = 0; path = UI.framework; sourceTree = BUILT_PRODUCTS_DIR; };
		07FDDA6C2AA41C4E00AD4DB2 /* UITests.xctest */ = {isa = PBXFileReference; explicitFileType = wrapper.cfbundle; includeInIndex = 0; path = UITests.xctest; sourceTree = BUILT_PRODUCTS_DIR; };
		07FDDA712AA41C4E00AD4DB2 /* UITests.swift */ = {isa = PBXFileReference; lastKnownFileType = sourcecode.swift; path = UITests.swift; sourceTree = "<group>"; };
		07FDDB412AA430B100AD4DB2 /* Common.framework */ = {isa = PBXFileReference; explicitFileType = wrapper.framework; path = Common.framework; sourceTree = BUILT_PRODUCTS_DIR; };
		07FDDB422AA430B100AD4DB2 /* Domain.framework */ = {isa = PBXFileReference; explicitFileType = wrapper.framework; path = Domain.framework; sourceTree = BUILT_PRODUCTS_DIR; };
		183965612FD817F23600989A /* Pods_UI.framework */ = {isa = PBXFileReference; explicitFileType = wrapper.framework; includeInIndex = 0; path = Pods_UI.framework; sourceTree = BUILT_PRODUCTS_DIR; };
		23E85BB346D315F426004CFD /* Pods-UI.debug.xcconfig */ = {isa = PBXFileReference; includeInIndex = 1; lastKnownFileType = text.xcconfig; name = "Pods-UI.debug.xcconfig"; path = "Target Support Files/Pods-UI/Pods-UI.debug.xcconfig"; sourceTree = "<group>"; };
		448E153AB3A3ECD32F5321AD /* Pods_UITests.framework */ = {isa = PBXFileReference; explicitFileType = wrapper.framework; includeInIndex = 0; path = Pods_UITests.framework; sourceTree = BUILT_PRODUCTS_DIR; };
		6A263011D454A6E70B29C9A3 /* Pods-UI.release.xcconfig */ = {isa = PBXFileReference; includeInIndex = 1; lastKnownFileType = text.xcconfig; name = "Pods-UI.release.xcconfig"; path = "Target Support Files/Pods-UI/Pods-UI.release.xcconfig"; sourceTree = "<group>"; };
		8F045422C3F39C8D24BD858A /* Pods-UITests.release.xcconfig */ = {isa = PBXFileReference; includeInIndex = 1; lastKnownFileType = text.xcconfig; name = "Pods-UITests.release.xcconfig"; path = "Target Support Files/Pods-UITests/Pods-UITests.release.xcconfig"; sourceTree = "<group>"; };
		CFB92764136B6C47D0484FAE /* Pods-UITests.debug.xcconfig */ = {isa = PBXFileReference; includeInIndex = 1; lastKnownFileType = text.xcconfig; name = "Pods-UITests.debug.xcconfig"; path = "Target Support Files/Pods-UITests/Pods-UITests.debug.xcconfig"; sourceTree = "<group>"; };
/* End PBXFileReference section */

/* Begin PBXFrameworksBuildPhase section */
		07FDDA5F2AA41C4E00AD4DB2 /* Frameworks */ = {
			isa = PBXFrameworksBuildPhase;
			buildActionMask = 2147483647;
			files = (
				07FDDB452AA430B100AD4DB2 /* Domain.framework in Frameworks */,
				07FDDB432AA430B100AD4DB2 /* Common.framework in Frameworks */,
				B286F1EB318FA24436F1350B /* Pods_UI.framework in Frameworks */,
			);
			runOnlyForDeploymentPostprocessing = 0;
		};
		07FDDA692AA41C4E00AD4DB2 /* Frameworks */ = {
			isa = PBXFrameworksBuildPhase;
			buildActionMask = 2147483647;
			files = (
				07FDDA6D2AA41C4E00AD4DB2 /* UI.framework in Frameworks */,
				F3F062FC5A8AF0FF867BE250 /* Pods_UITests.framework in Frameworks */,
			);
			runOnlyForDeploymentPostprocessing = 0;
		};
/* End PBXFrameworksBuildPhase section */

/* Begin PBXGroup section */
		077A00152AAEC55F0046CC80 /* Common */ = {
			isa = PBXGroup;
			children = (
				077A00352AAEC55F0046CC80 /* Views */,
			);
			path = Common;
			sourceTree = "<group>";
		};
		077A00352AAEC55F0046CC80 /* Views */ = {
			isa = PBXGroup;
			children = (
				077A00372AAEC55F0046CC80 /* BaseViewController.swift */,
			);
			path = Views;
			sourceTree = "<group>";
		};
		077A00542AAEC55F0046CC80 /* Jokes */ = {
			isa = PBXGroup;
			children = (
				077A00572AAEC55F0046CC80 /* JokesView.xib */,
				077A00592AAEC55F0046CC80 /* JokesViewController.swift */,
			);
			path = Jokes;
			sourceTree = "<group>";
		};
		077A005F2AAEC55F0046CC80 /* Extensions */ = {
			isa = PBXGroup;
			children = (
				077A00652AAEC55F0046CC80 /* UIViewController+Extensions.swift */,
			);
			path = Extensions;
			sourceTree = "<group>";
		};
		077A006D2AAEC55F0046CC80 /* Protocols */ = {
			isa = PBXGroup;
			children = (
				077A006E2AAEC55F0046CC80 /* ViewRouterProtocol.swift */,
				077A006F2AAEC55F0046CC80 /* ViewModelProtocol.swift */,
				077A00732AAEC55F0046CC80 /* RouterProtocol.swift */,
				077A00762AAEC55F0046CC80 /* ViewBuilderProtocol.swift */,
			);
			path = Protocols;
			sourceTree = "<group>";
		};
		077A00772AAEC55F0046CC80 /* ViewBuilders */ = {
			isa = PBXGroup;
			children = (
				077A00792AAEC55F0046CC80 /* JokesViewBuilder.swift */,
			);
			path = ViewBuilders;
			sourceTree = "<group>";
		};
		077A007D2AAEC55F0046CC80 /* Models */ = {
			isa = PBXGroup;
			children = (
				077A00802AAEC55F0046CC80 /* SegueType.swift */,
			);
			path = Models;
			sourceTree = "<group>";
		};
		077AFF9F2AAEC55F0046CC80 /* Routers */ = {
			isa = PBXGroup;
			children = (
				077AFFA22AAEC55F0046CC80 /* DefaultRouter.swift */,
				07BCDA0C2AB5401A00DBFC59 /* JokesViewModel+Routers.swift */,
			);
			path = Routers;
			sourceTree = "<group>";
		};
		077AFFA42AAEC55F0046CC80 /* ViewModels */ = {
			isa = PBXGroup;
			children = (
				077AFFB62AAEC55F0046CC80 /* Common */,
				077AFFB92AAEC55F0046CC80 /* Jokes */,
			);
			path = ViewModels;
			sourceTree = "<group>";
		};
		077AFFB62AAEC55F0046CC80 /* Common */ = {
			isa = PBXGroup;
			children = (
				077AFFB72AAEC55F0046CC80 /* BaseViewModel.swift */,
			);
			path = Common;
			sourceTree = "<group>";
		};
		077AFFB92AAEC55F0046CC80 /* Jokes */ = {
			isa = PBXGroup;
			children = (
				077AFFBA2AAEC55F0046CC80 /* JokesViewModel.swift */,
			);
			path = Jokes;
			sourceTree = "<group>";
		};
		077AFFBD2AAEC55F0046CC80 /* Views */ = {
			isa = PBXGroup;
			children = (
				077A00152AAEC55F0046CC80 /* Common */,
				077A00542AAEC55F0046CC80 /* Jokes */,
			);
			path = Views;
			sourceTree = "<group>";
		};
		07FDDA582AA41C4E00AD4DB2 = {
			isa = PBXGroup;
			children = (
				07FDDA642AA41C4E00AD4DB2 /* UI */,
				07FDDA702AA41C4E00AD4DB2 /* UITests */,
				07FDDA632AA41C4E00AD4DB2 /* Products */,
				07FDDB402AA430B100AD4DB2 /* Frameworks */,
				D43BAE7E11052CA9079AEC85 /* Pods */,
			);
			sourceTree = "<group>";
		};
		07FDDA632AA41C4E00AD4DB2 /* Products */ = {
			isa = PBXGroup;
			children = (
				07FDDA622AA41C4E00AD4DB2 /* UI.framework */,
				07FDDA6C2AA41C4E00AD4DB2 /* UITests.xctest */,
			);
			name = Products;
			sourceTree = "<group>";
		};
		07FDDA642AA41C4E00AD4DB2 /* UI */ = {
			isa = PBXGroup;
			children = (
				077A005F2AAEC55F0046CC80 /* Extensions */,
				077A007D2AAEC55F0046CC80 /* Models */,
				077A006D2AAEC55F0046CC80 /* Protocols */,
				077AFF9F2AAEC55F0046CC80 /* Routers */,
				077A00772AAEC55F0046CC80 /* ViewBuilders */,
				077AFFA42AAEC55F0046CC80 /* ViewModels */,
				077AFFBD2AAEC55F0046CC80 /* Views */,
			);
			path = UI;
			sourceTree = "<group>";
		};
		07FDDA702AA41C4E00AD4DB2 /* UITests */ = {
			isa = PBXGroup;
			children = (
				07FDDA712AA41C4E00AD4DB2 /* UITests.swift */,
			);
			path = UITests;
			sourceTree = "<group>";
		};
		07FDDB402AA430B100AD4DB2 /* Frameworks */ = {
			isa = PBXGroup;
			children = (
				07FDDB412AA430B100AD4DB2 /* Common.framework */,
				07FDDB422AA430B100AD4DB2 /* Domain.framework */,
				183965612FD817F23600989A /* Pods_UI.framework */,
				448E153AB3A3ECD32F5321AD /* Pods_UITests.framework */,
			);
			name = Frameworks;
			sourceTree = "<group>";
		};
		D43BAE7E11052CA9079AEC85 /* Pods */ = {
			isa = PBXGroup;
			children = (
				23E85BB346D315F426004CFD /* Pods-UI.debug.xcconfig */,
				6A263011D454A6E70B29C9A3 /* Pods-UI.release.xcconfig */,
				CFB92764136B6C47D0484FAE /* Pods-UITests.debug.xcconfig */,
				8F045422C3F39C8D24BD858A /* Pods-UITests.release.xcconfig */,
			);
			name = Pods;
			path = ../../Pods;
			sourceTree = "<group>";
		};
/* End PBXGroup section */

/* Begin PBXHeadersBuildPhase section */
		07FDDA5D2AA41C4E00AD4DB2 /* Headers */ = {
			isa = PBXHeadersBuildPhase;
			buildActionMask = 2147483647;
			files = (
			);
			runOnlyForDeploymentPostprocessing = 0;
		};
/* End PBXHeadersBuildPhase section */

/* Begin PBXNativeTarget section */
		07FDDA612AA41C4E00AD4DB2 /* UI */ = {
			isa = PBXNativeTarget;
			buildConfigurationList = 07FDDA762AA41C4E00AD4DB2 /* Build configuration list for PBXNativeTarget "UI" */;
			buildPhases = (
				7DEEEE4593575FFDC6F45221 /* [CP] Check Pods Manifest.lock */,
				07FDDA5D2AA41C4E00AD4DB2 /* Headers */,
				07FDDA5E2AA41C4E00AD4DB2 /* Sources */,
				07FDDA5F2AA41C4E00AD4DB2 /* Frameworks */,
				07FDDA602AA41C4E00AD4DB2 /* Resources */,
				07FDDB472AA430B100AD4DB2 /* Embed Frameworks */,
			);
			buildRules = (
			);
			dependencies = (
			);
			name = UI;
			productName = UI;
			productReference = 07FDDA622AA41C4E00AD4DB2 /* UI.framework */;
			productType = "com.apple.product-type.framework";
		};
		07FDDA6B2AA41C4E00AD4DB2 /* UITests */ = {
			isa = PBXNativeTarget;
			buildConfigurationList = 07FDDA792AA41C4E00AD4DB2 /* Build configuration list for PBXNativeTarget "UITests" */;
			buildPhases = (
				E0B1FF4CD0C7FD21FCB8FCA2 /* [CP] Check Pods Manifest.lock */,
				07FDDA682AA41C4E00AD4DB2 /* Sources */,
				07FDDA692AA41C4E00AD4DB2 /* Frameworks */,
				07FDDA6A2AA41C4E00AD4DB2 /* Resources */,
			);
			buildRules = (
			);
			dependencies = (
				07FDDA6F2AA41C4E00AD4DB2 /* PBXTargetDependency */,
			);
			name = UITests;
			productName = UITests;
			productReference = 07FDDA6C2AA41C4E00AD4DB2 /* UITests.xctest */;
			productType = "com.apple.product-type.bundle.unit-test";
		};
/* End PBXNativeTarget section */

/* Begin PBXProject section */
		07FDDA592AA41C4E00AD4DB2 /* Project object */ = {
			isa = PBXProject;
			attributes = {
				BuildIndependentTargetsInParallel = 1;
				LastSwiftUpdateCheck = 1430;
				LastUpgradeCheck = 1430;
				TargetAttributes = {
					07FDDA612AA41C4E00AD4DB2 = {
						CreatedOnToolsVersion = 14.3.1;
					};
					07FDDA6B2AA41C4E00AD4DB2 = {
						CreatedOnToolsVersion = 14.3.1;
					};
				};
			};
			buildConfigurationList = 07FDDA5C2AA41C4E00AD4DB2 /* Build configuration list for PBXProject "UI" */;
			compatibilityVersion = "Xcode 14.0";
			developmentRegion = en;
			hasScannedForEncodings = 0;
			knownRegions = (
				en,
				Base,
			);
			mainGroup = 07FDDA582AA41C4E00AD4DB2;
			productRefGroup = 07FDDA632AA41C4E00AD4DB2 /* Products */;
			projectDirPath = "";
			projectRoot = "";
			targets = (
				07FDDA612AA41C4E00AD4DB2 /* UI */,
				07FDDA6B2AA41C4E00AD4DB2 /* UITests */,
			);
		};
/* End PBXProject section */

/* Begin PBXResourcesBuildPhase section */
		07FDDA602AA41C4E00AD4DB2 /* Resources */ = {
			isa = PBXResourcesBuildPhase;
			buildActionMask = 2147483647;
			files = (
				077A01272AAEC5600046CC80 /* JokesView.xib in Resources */,
			);
			runOnlyForDeploymentPostprocessing = 0;
		};
		07FDDA6A2AA41C4E00AD4DB2 /* Resources */ = {
			isa = PBXResourcesBuildPhase;
			buildActionMask = 2147483647;
			files = (
			);
			runOnlyForDeploymentPostprocessing = 0;
		};
/* End PBXResourcesBuildPhase section */

/* Begin PBXShellScriptBuildPhase section */
		7DEEEE4593575FFDC6F45221 /* [CP] Check Pods Manifest.lock */ = {
			isa = PBXShellScriptBuildPhase;
			buildActionMask = 2147483647;
			files = (
			);
			inputFileListPaths = (
			);
			inputPaths = (
				"${PODS_PODFILE_DIR_PATH}/Podfile.lock",
				"${PODS_ROOT}/Manifest.lock",
			);
			name = "[CP] Check Pods Manifest.lock";
			outputFileListPaths = (
			);
			outputPaths = (
				"$(DERIVED_FILE_DIR)/Pods-UI-checkManifestLockResult.txt",
			);
			runOnlyForDeploymentPostprocessing = 0;
			shellPath = /bin/sh;
			shellScript = "diff \"${PODS_PODFILE_DIR_PATH}/Podfile.lock\" \"${PODS_ROOT}/Manifest.lock\" > /dev/null\nif [ $? != 0 ] ; then\n    # print error to STDERR\n    echo \"error: The sandbox is not in sync with the Podfile.lock. Run 'pod install' or update your CocoaPods installation.\" >&2\n    exit 1\nfi\n# This output is used by Xcode 'outputs' to avoid re-running this script phase.\necho \"SUCCESS\" > \"${SCRIPT_OUTPUT_FILE_0}\"\n";
			showEnvVarsInLog = 0;
		};
		E0B1FF4CD0C7FD21FCB8FCA2 /* [CP] Check Pods Manifest.lock */ = {
			isa = PBXShellScriptBuildPhase;
			buildActionMask = 2147483647;
			files = (
			);
			inputFileListPaths = (
			);
			inputPaths = (
				"${PODS_PODFILE_DIR_PATH}/Podfile.lock",
				"${PODS_ROOT}/Manifest.lock",
			);
			name = "[CP] Check Pods Manifest.lock";
			outputFileListPaths = (
			);
			outputPaths = (
				"$(DERIVED_FILE_DIR)/Pods-UITests-checkManifestLockResult.txt",
			);
			runOnlyForDeploymentPostprocessing = 0;
			shellPath = /bin/sh;
			shellScript = "diff \"${PODS_PODFILE_DIR_PATH}/Podfile.lock\" \"${PODS_ROOT}/Manifest.lock\" > /dev/null\nif [ $? != 0 ] ; then\n    # print error to STDERR\n    echo \"error: The sandbox is not in sync with the Podfile.lock. Run 'pod install' or update your CocoaPods installation.\" >&2\n    exit 1\nfi\n# This output is used by Xcode 'outputs' to avoid re-running this script phase.\necho \"SUCCESS\" > \"${SCRIPT_OUTPUT_FILE_0}\"\n";
			showEnvVarsInLog = 0;
		};
/* End PBXShellScriptBuildPhase section */

/* Begin PBXSourcesBuildPhase section */
		07FDDA5E2AA41C4E00AD4DB2 /* Sources */ = {
			isa = PBXSourcesBuildPhase;
			buildActionMask = 2147483647;
			files = (
				077A014A2AAEC5600046CC80 /* SegueType.swift in Sources */,
				077A013B2AAEC5600046CC80 /* ViewModelProtocol.swift in Sources */,
				077A01292AAEC5600046CC80 /* JokesViewController.swift in Sources */,
				077A010B2AAEC5600046CC80 /* BaseViewController.swift in Sources */,
				077A01442AAEC5600046CC80 /* JokesViewBuilder.swift in Sources */,
				07BCDA0D2AB5401A00DBFC59 /* JokesViewModel+Routers.swift in Sources */,
				077A01422AAEC5600046CC80 /* ViewBuilderProtocol.swift in Sources */,
				077A008B2AAEC55F0046CC80 /* DefaultRouter.swift in Sources */,
				077A013A2AAEC5600046CC80 /* ViewRouterProtocol.swift in Sources */,
				077A009B2AAEC55F0046CC80 /* BaseViewModel.swift in Sources */,
				077A013F2AAEC5600046CC80 /* RouterProtocol.swift in Sources */,
				077A01342AAEC5600046CC80 /* UIViewController+Extensions.swift in Sources */,
				077A009D2AAEC55F0046CC80 /* JokesViewModel.swift in Sources */,
			);
			runOnlyForDeploymentPostprocessing = 0;
		};
		07FDDA682AA41C4E00AD4DB2 /* Sources */ = {
			isa = PBXSourcesBuildPhase;
			buildActionMask = 2147483647;
			files = (
				07FDDA722AA41C4E00AD4DB2 /* UITests.swift in Sources */,
			);
			runOnlyForDeploymentPostprocessing = 0;
		};
/* End PBXSourcesBuildPhase section */

/* Begin PBXTargetDependency section */
		07FDDA6F2AA41C4E00AD4DB2 /* PBXTargetDependency */ = {
			isa = PBXTargetDependency;
			target = 07FDDA612AA41C4E00AD4DB2 /* UI */;
			targetProxy = 07FDDA6E2AA41C4E00AD4DB2 /* PBXContainerItemProxy */;
		};
/* End PBXTargetDependency section */

/* Begin XCBuildConfiguration section */
		07FDDA742AA41C4E00AD4DB2 /* Debug */ = {
			isa = XCBuildConfiguration;
			buildSettings = {
				ALWAYS_SEARCH_USER_PATHS = NO;
				CLANG_ANALYZER_NONNULL = YES;
				CLANG_ANALYZER_NUMBER_OBJECT_CONVERSION = YES_AGGRESSIVE;
				CLANG_CXX_LANGUAGE_STANDARD = "gnu++20";
				CLANG_ENABLE_MODULES = YES;
				CLANG_ENABLE_OBJC_ARC = YES;
				CLANG_ENABLE_OBJC_WEAK = YES;
				CLANG_WARN_BLOCK_CAPTURE_AUTORELEASING = YES;
				CLANG_WARN_BOOL_CONVERSION = YES;
				CLANG_WARN_COMMA = YES;
				CLANG_WARN_CONSTANT_CONVERSION = YES;
				CLANG_WARN_DEPRECATED_OBJC_IMPLEMENTATIONS = YES;
				CLANG_WARN_DIRECT_OBJC_ISA_USAGE = YES_ERROR;
				CLANG_WARN_DOCUMENTATION_COMMENTS = YES;
				CLANG_WARN_EMPTY_BODY = YES;
				CLANG_WARN_ENUM_CONVERSION = YES;
				CLANG_WARN_INFINITE_RECURSION = YES;
				CLANG_WARN_INT_CONVERSION = YES;
				CLANG_WARN_NON_LITERAL_NULL_CONVERSION = YES;
				CLANG_WARN_OBJC_IMPLICIT_RETAIN_SELF = YES;
				CLANG_WARN_OBJC_LITERAL_CONVERSION = YES;
				CLANG_WARN_OBJC_ROOT_CLASS = YES_ERROR;
				CLANG_WARN_QUOTED_INCLUDE_IN_FRAMEWORK_HEADER = YES;
				CLANG_WARN_RANGE_LOOP_ANALYSIS = YES;
				CLANG_WARN_STRICT_PROTOTYPES = YES;
				CLANG_WARN_SUSPICIOUS_MOVE = YES;
				CLANG_WARN_UNGUARDED_AVAILABILITY = YES_AGGRESSIVE;
				CLANG_WARN_UNREACHABLE_CODE = YES;
				CLANG_WARN__DUPLICATE_METHOD_MATCH = YES;
				COPY_PHASE_STRIP = NO;
				CURRENT_PROJECT_VERSION = 1;
				DEBUG_INFORMATION_FORMAT = dwarf;
				ENABLE_STRICT_OBJC_MSGSEND = YES;
				ENABLE_TESTABILITY = YES;
				GCC_C_LANGUAGE_STANDARD = gnu11;
				GCC_DYNAMIC_NO_PIC = NO;
				GCC_NO_COMMON_BLOCKS = YES;
				GCC_OPTIMIZATION_LEVEL = 0;
				GCC_PREPROCESSOR_DEFINITIONS = (
					"DEBUG=1",
					"$(inherited)",
				);
				GCC_WARN_64_TO_32_BIT_CONVERSION = YES;
				GCC_WARN_ABOUT_RETURN_TYPE = YES_ERROR;
				GCC_WARN_UNDECLARED_SELECTOR = YES;
				GCC_WARN_UNINITIALIZED_AUTOS = YES_AGGRESSIVE;
				GCC_WARN_UNUSED_FUNCTION = YES;
				GCC_WARN_UNUSED_VARIABLE = YES;
				IPHONEOS_DEPLOYMENT_TARGET = 16.4;
				MTL_ENABLE_DEBUG_INFO = INCLUDE_SOURCE;
				MTL_FAST_MATH = YES;
				ONLY_ACTIVE_ARCH = YES;
				SDKROOT = iphoneos;
				SWIFT_ACTIVE_COMPILATION_CONDITIONS = DEBUG;
				SWIFT_OPTIMIZATION_LEVEL = "-Onone";
				VERSIONING_SYSTEM = "apple-generic";
				VERSION_INFO_PREFIX = "";
			};
			name = Debug;
		};
		07FDDA752AA41C4E00AD4DB2 /* Release */ = {
			isa = XCBuildConfiguration;
			buildSettings = {
				ALWAYS_SEARCH_USER_PATHS = NO;
				CLANG_ANALYZER_NONNULL = YES;
				CLANG_ANALYZER_NUMBER_OBJECT_CONVERSION = YES_AGGRESSIVE;
				CLANG_CXX_LANGUAGE_STANDARD = "gnu++20";
				CLANG_ENABLE_MODULES = YES;
				CLANG_ENABLE_OBJC_ARC = YES;
				CLANG_ENABLE_OBJC_WEAK = YES;
				CLANG_WARN_BLOCK_CAPTURE_AUTORELEASING = YES;
				CLANG_WARN_BOOL_CONVERSION = YES;
				CLANG_WARN_COMMA = YES;
				CLANG_WARN_CONSTANT_CONVERSION = YES;
				CLANG_WARN_DEPRECATED_OBJC_IMPLEMENTATIONS = YES;
				CLANG_WARN_DIRECT_OBJC_ISA_USAGE = YES_ERROR;
				CLANG_WARN_DOCUMENTATION_COMMENTS = YES;
				CLANG_WARN_EMPTY_BODY = YES;
				CLANG_WARN_ENUM_CONVERSION = YES;
				CLANG_WARN_INFINITE_RECURSION = YES;
				CLANG_WARN_INT_CONVERSION = YES;
				CLANG_WARN_NON_LITERAL_NULL_CONVERSION = YES;
				CLANG_WARN_OBJC_IMPLICIT_RETAIN_SELF = YES;
				CLANG_WARN_OBJC_LITERAL_CONVERSION = YES;
				CLANG_WARN_OBJC_ROOT_CLASS = YES_ERROR;
				CLANG_WARN_QUOTED_INCLUDE_IN_FRAMEWORK_HEADER = YES;
				CLANG_WARN_RANGE_LOOP_ANALYSIS = YES;
				CLANG_WARN_STRICT_PROTOTYPES = YES;
				CLANG_WARN_SUSPICIOUS_MOVE = YES;
				CLANG_WARN_UNGUARDED_AVAILABILITY = YES_AGGRESSIVE;
				CLANG_WARN_UNREACHABLE_CODE = YES;
				CLANG_WARN__DUPLICATE_METHOD_MATCH = YES;
				COPY_PHASE_STRIP = NO;
				CURRENT_PROJECT_VERSION = 1;
				DEBUG_INFORMATION_FORMAT = "dwarf-with-dsym";
				ENABLE_NS_ASSERTIONS = NO;
				ENABLE_STRICT_OBJC_MSGSEND = YES;
				GCC_C_LANGUAGE_STANDARD = gnu11;
				GCC_NO_COMMON_BLOCKS = YES;
				GCC_WARN_64_TO_32_BIT_CONVERSION = YES;
				GCC_WARN_ABOUT_RETURN_TYPE = YES_ERROR;
				GCC_WARN_UNDECLARED_SELECTOR = YES;
				GCC_WARN_UNINITIALIZED_AUTOS = YES_AGGRESSIVE;
				GCC_WARN_UNUSED_FUNCTION = YES;
				GCC_WARN_UNUSED_VARIABLE = YES;
				IPHONEOS_DEPLOYMENT_TARGET = 16.4;
				MTL_ENABLE_DEBUG_INFO = NO;
				MTL_FAST_MATH = YES;
				SDKROOT = iphoneos;
				SWIFT_COMPILATION_MODE = wholemodule;
				SWIFT_OPTIMIZATION_LEVEL = "-O";
				VALIDATE_PRODUCT = YES;
				VERSIONING_SYSTEM = "apple-generic";
				VERSION_INFO_PREFIX = "";
			};
			name = Release;
		};
		07FDDA772AA41C4E00AD4DB2 /* Debug */ = {
			isa = XCBuildConfiguration;
			baseConfigurationReference = 23E85BB346D315F426004CFD /* Pods-UI.debug.xcconfig */;
			buildSettings = {
				CODE_SIGN_STYLE = Automatic;
				CURRENT_PROJECT_VERSION = 1;
				DEFINES_MODULE = YES;
				DYLIB_COMPATIBILITY_VERSION = 1;
				DYLIB_CURRENT_VERSION = 1;
				DYLIB_INSTALL_NAME_BASE = "@rpath";
				ENABLE_MODULE_VERIFIER = YES;
				GENERATE_INFOPLIST_FILE = YES;
				INFOPLIST_KEY_NSHumanReadableCopyright = "";
				INSTALL_PATH = "$(LOCAL_LIBRARY_DIR)/Frameworks";
				IPHONEOS_DEPLOYMENT_TARGET = 14.0;
				LD_RUNPATH_SEARCH_PATHS = (
					"$(inherited)",
					"@executable_path/Frameworks",
					"@loader_path/Frameworks",
				);
				MARKETING_VERSION = 1.0;
				MODULE_VERIFIER_SUPPORTED_LANGUAGES = "objective-c objective-c++";
				MODULE_VERIFIER_SUPPORTED_LANGUAGE_STANDARDS = "gnu11 gnu++20";
				PRODUCT_BUNDLE_IDENTIFIER = com.calderon.ariel.UI;
				PRODUCT_NAME = "$(TARGET_NAME:c99extidentifier)";
				SKIP_INSTALL = YES;
				SWIFT_EMIT_LOC_STRINGS = YES;
				SWIFT_VERSION = 5.0;
				TARGETED_DEVICE_FAMILY = "1,2";
			};
			name = Debug;
		};
		07FDDA782AA41C4E00AD4DB2 /* Release */ = {
			isa = XCBuildConfiguration;
			baseConfigurationReference = 6A263011D454A6E70B29C9A3 /* Pods-UI.release.xcconfig */;
			buildSettings = {
				CODE_SIGN_STYLE = Automatic;
				CURRENT_PROJECT_VERSION = 1;
				DEFINES_MODULE = YES;
				DYLIB_COMPATIBILITY_VERSION = 1;
				DYLIB_CURRENT_VERSION = 1;
				DYLIB_INSTALL_NAME_BASE = "@rpath";
				ENABLE_MODULE_VERIFIER = YES;
				GENERATE_INFOPLIST_FILE = YES;
				INFOPLIST_KEY_NSHumanReadableCopyright = "";
				INSTALL_PATH = "$(LOCAL_LIBRARY_DIR)/Frameworks";
				IPHONEOS_DEPLOYMENT_TARGET = 14.0;
				LD_RUNPATH_SEARCH_PATHS = (
					"$(inherited)",
					"@executable_path/Frameworks",
					"@loader_path/Frameworks",
				);
				MARKETING_VERSION = 1.0;
				MODULE_VERIFIER_SUPPORTED_LANGUAGES = "objective-c objective-c++";
				MODULE_VERIFIER_SUPPORTED_LANGUAGE_STANDARDS = "gnu11 gnu++20";
				PRODUCT_BUNDLE_IDENTIFIER = com.calderon.ariel.UI;
				PRODUCT_NAME = "$(TARGET_NAME:c99extidentifier)";
				SKIP_INSTALL = YES;
				SWIFT_EMIT_LOC_STRINGS = YES;
				SWIFT_VERSION = 5.0;
				TARGETED_DEVICE_FAMILY = "1,2";
			};
			name = Release;
		};
		07FDDA7A2AA41C4E00AD4DB2 /* Debug */ = {
			isa = XCBuildConfiguration;
			baseConfigurationReference = CFB92764136B6C47D0484FAE /* Pods-UITests.debug.xcconfig */;
			buildSettings = {
				ALWAYS_EMBED_SWIFT_STANDARD_LIBRARIES = YES;
				CODE_SIGN_STYLE = Automatic;
				CURRENT_PROJECT_VERSION = 1;
				GENERATE_INFOPLIST_FILE = YES;
				MARKETING_VERSION = 1.0;
				PRODUCT_BUNDLE_IDENTIFIER = com.calderon.ariel.UITests;
				PRODUCT_NAME = "$(TARGET_NAME)";
				SWIFT_EMIT_LOC_STRINGS = NO;
				SWIFT_VERSION = 5.0;
				TARGETED_DEVICE_FAMILY = "1,2";
			};
			name = Debug;
		};
		07FDDA7B2AA41C4E00AD4DB2 /* Release */ = {
			isa = XCBuildConfiguration;
			baseConfigurationReference = 8F045422C3F39C8D24BD858A /* Pods-UITests.release.xcconfig */;
			buildSettings = {
				ALWAYS_EMBED_SWIFT_STANDARD_LIBRARIES = YES;
				CODE_SIGN_STYLE = Automatic;
				CURRENT_PROJECT_VERSION = 1;
				GENERATE_INFOPLIST_FILE = YES;
				MARKETING_VERSION = 1.0;
				PRODUCT_BUNDLE_IDENTIFIER = com.calderon.ariel.UITests;
				PRODUCT_NAME = "$(TARGET_NAME)";
				SWIFT_EMIT_LOC_STRINGS = NO;
				SWIFT_VERSION = 5.0;
				TARGETED_DEVICE_FAMILY = "1,2";
			};
			name = Release;
		};
/* End XCBuildConfiguration section */

/* Begin XCConfigurationList section */
		07FDDA5C2AA41C4E00AD4DB2 /* Build configuration list for PBXProject "UI" */ = {
			isa = XCConfigurationList;
			buildConfigurations = (
				07FDDA742AA41C4E00AD4DB2 /* Debug */,
				07FDDA752AA41C4E00AD4DB2 /* Release */,
			);
			defaultConfigurationIsVisible = 0;
			defaultConfigurationName = Release;
		};
		07FDDA762AA41C4E00AD4DB2 /* Build configuration list for PBXNativeTarget "UI" */ = {
			isa = XCConfigurationList;
			buildConfigurations = (
				07FDDA772AA41C4E00AD4DB2 /* Debug */,
				07FDDA782AA41C4E00AD4DB2 /* Release */,
			);
			defaultConfigurationIsVisible = 0;
			defaultConfigurationName = Release;
		};
		07FDDA792AA41C4E00AD4DB2 /* Build configuration list for PBXNativeTarget "UITests" */ = {
			isa = XCConfigurationList;
			buildConfigurations = (
				07FDDA7A2AA41C4E00AD4DB2 /* Debug */,
				07FDDA7B2AA41C4E00AD4DB2 /* Release */,
			);
			defaultConfigurationIsVisible = 0;
			defaultConfigurationName = Release;
		};
/* End XCConfigurationList section */
	};
	rootObject = 07FDDA592AA41C4E00AD4DB2 /* Project object */;
}
